
Microsoft Visual Studio Solution File, Format Version 12.00
# Visual Studio Version 17
VisualStudioVersion = 17.6.33829.357
MinimumVisualStudioVersion = 10.0.40219.1
Project("{FAE04EC0-301F-11D3-BF4B-00C04F79EFBC}") = "Ejercicio2", "Ejercicio2\Ejercicio2.csproj", "{B6ABF0A4-FA42-43EC-86D1-C9530A7CB993}"
EndProject
Global
	GlobalSection(SolutionConfigurationPlatforms) = preSolution
		Debug|Any CPU = Debug|Any CPU
		Release|Any CPU = Release|Any CPU
	EndGlobalSection
	GlobalSection(ProjectConfigurationPlatforms) = postSolution
		{B6ABF0A4-FA42-43EC-86D1-C9530A7CB993}.Debug|Any CPU.ActiveCfg = Debug|Any CPU
		{B6ABF0A4-FA42-43EC-86D1-C9530A7CB993}.Debug|Any CPU.Build.0 = Debug|Any CPU
		{B6ABF0A4-FA42-43EC-86D1-C9530A7CB993}.Release|Any CPU.ActiveCfg = Release|Any CPU
		{B6ABF0A4-FA42-43EC-86D1-C9530A7CB993}.Release|Any CPU.Build.0 = Release|Any CPU
	EndGlobalSection
	GlobalSection(SolutionProperties) = preSolution
		HideSolutionNode = FALSE
	EndGlobalSection
	GlobalSection(ExtensibilityGlobals) = postSolution
		SolutionGuid = {0EC9C46C-FA16-4A3B-8456-4662B59A784B}
	EndGlobalSection
EndGlobal
