
Microsoft Visual Studio Solution File, Format Version 12.00
# Visual Studio Version 17
VisualStudioVersion = 17.6.33829.357
MinimumVisualStudioVersion = 10.0.40219.1
Project("{FAE04EC0-301F-11D3-BF4B-00C04F79EFBC}") = "Ejercicio1", "Ejercicio1\Ejercicio1.csproj", "{4F975E2A-A7AD-4B88-9E3F-CA9080B8C5A4}"
EndProject
Global
	GlobalSection(SolutionConfigurationPlatforms) = preSolution
		Debug|Any CPU = Debug|Any CPU
		Release|Any CPU = Release|Any CPU
	EndGlobalSection
	GlobalSection(ProjectConfigurationPlatforms) = postSolution
		{4F975E2A-A7AD-4B88-9E3F-CA9080B8C5A4}.Debug|Any CPU.ActiveCfg = Debug|Any CPU
		{4F975E2A-A7AD-4B88-9E3F-CA9080B8C5A4}.Debug|Any CPU.Build.0 = Debug|Any CPU
		{4F975E2A-A7AD-4B88-9E3F-CA9080B8C5A4}.Release|Any CPU.ActiveCfg = Release|Any CPU
		{4F975E2A-A7AD-4B88-9E3F-CA9080B8C5A4}.Release|Any CPU.Build.0 = Release|Any CPU
	EndGlobalSection
	GlobalSection(SolutionProperties) = preSolution
		HideSolutionNode = FALSE
	EndGlobalSection
	GlobalSection(ExtensibilityGlobals) = postSolution
		SolutionGuid = {4556AA7B-E8AD-49EF-B88A-257AA0B789B8}
	EndGlobalSection
EndGlobal
